
Microsoft Visual Studio Solution File, Format Version 12.00
# Visual Studio Version 16
VisualStudioVersion = 16.0.30503.244
MinimumVisualStudioVersion = 10.0.40219.1
Project("{FAE04EC0-301F-11D3-BF4B-00C04F79EFBC}") = "CRS", "CRS\CRS.csproj", "{C7E34190-24F4-468F-ABC6-66ED11F1B748}"
EndProject
Global
	GlobalSection(SolutionConfigurationPlatforms) = preSolution
		Debug|Any CPU = Debug|Any CPU
		Release|Any CPU = Release|Any CPU
	EndGlobalSection
	GlobalSection(ProjectConfigurationPlatforms) = postSolution
		{C7E34190-24F4-468F-ABC6-66ED11F1B748}.Debug|Any CPU.ActiveCfg = Debug|Any CPU
		{C7E34190-24F4-468F-ABC6-66ED11F1B748}.Debug|Any CPU.Build.0 = Debug|Any CPU
		{C7E34190-24F4-468F-ABC6-66ED11F1B748}.Release|Any CPU.ActiveCfg = Release|Any CPU
		{C7E34190-24F4-468F-ABC6-66ED11F1B748}.Release|Any CPU.Build.0 = Release|Any CPU
	EndGlobalSection
	GlobalSection(SolutionProperties) = preSolution
		HideSolutionNode = FALSE
	EndGlobalSection
	GlobalSection(ExtensibilityGlobals) = postSolution
		SolutionGuid = {17F70395-E515-4B5B-831E-3C858DA1806E}
	EndGlobalSection
EndGlobal
